
Microsoft Visual Studio Solution File, Format Version 12.00
# Visual Studio Version 17
VisualStudioVersion = 17.9.34728.123
MinimumVisualStudioVersion = 10.0.40219.1
Project("{FAE04EC0-301F-11D3-BF4B-00C04F79EFBC}") = "Av02Parte4", "Av02Parte4\Av02Parte4.csproj", "{9559F255-BF71-48AF-9C6C-B2E3F0984072}"
EndProject
Project("{FAE04EC0-301F-11D3-BF4B-00C04F79EFBC}") = "Av02Parte4-Server", "Av02Parte4-Server\Av02Parte4-Server.csproj", "{EE4D31FE-FC68-498E-9524-2AC96F9D3DB4}"
EndProject
Global
	GlobalSection(SolutionConfigurationPlatforms) = preSolution
		Debug|Any CPU = Debug|Any CPU
		Release|Any CPU = Release|Any CPU
	EndGlobalSection
	GlobalSection(ProjectConfigurationPlatforms) = postSolution
		{9559F255-BF71-48AF-9C6C-B2E3F0984072}.Debug|Any CPU.ActiveCfg = Debug|Any CPU
		{9559F255-BF71-48AF-9C6C-B2E3F0984072}.Debug|Any CPU.Build.0 = Debug|Any CPU
		{9559F255-BF71-48AF-9C6C-B2E3F0984072}.Release|Any CPU.ActiveCfg = Release|Any CPU
		{9559F255-BF71-48AF-9C6C-B2E3F0984072}.Release|Any CPU.Build.0 = Release|Any CPU
		{EE4D31FE-FC68-498E-9524-2AC96F9D3DB4}.Debug|Any CPU.ActiveCfg = Debug|Any CPU
		{EE4D31FE-FC68-498E-9524-2AC96F9D3DB4}.Debug|Any CPU.Build.0 = Debug|Any CPU
		{EE4D31FE-FC68-498E-9524-2AC96F9D3DB4}.Release|Any CPU.ActiveCfg = Release|Any CPU
		{EE4D31FE-FC68-498E-9524-2AC96F9D3DB4}.Release|Any CPU.Build.0 = Release|Any CPU
	EndGlobalSection
	GlobalSection(SolutionProperties) = preSolution
		HideSolutionNode = FALSE
	EndGlobalSection
	GlobalSection(ExtensibilityGlobals) = postSolution
		SolutionGuid = {3F445081-0C2E-4884-B25A-A8F74B2B5ADC}
	EndGlobalSection
EndGlobal
